
Microsoft Visual Studio Solution File, Format Version 12.00
# Visual Studio Version 16
VisualStudioVersion = 16.0.29728.190
MinimumVisualStudioVersion = 10.0.40219.1
Project("{2150E333-8FDC-42A3-9474-1A3956D46DE8}") = "Microservices", "Microservices", "{F9AB0B4E-F4EF-446F-86BB-50EC21D95056}"
EndProject
Project("{2150E333-8FDC-42A3-9474-1A3956D46DE8}") = "Domain", "Domain", "{FA66355A-3B8E-4174-A212-9B29F3B908CE}"
EndProject
Project("{2150E333-8FDC-42A3-9474-1A3956D46DE8}") = "Infra.Bus", "Infra.Bus", "{3E1C3FB2-6908-433B-BBBE-7FE82DD00599}"
EndProject
Project("{2150E333-8FDC-42A3-9474-1A3956D46DE8}") = "Infra.IoC", "Infra.IoC", "{CD2D6335-04E9-4407-9B0D-6E236B5BE5BF}"
EndProject
Project("{2150E333-8FDC-42A3-9474-1A3956D46DE8}") = "Presentation", "Presentation", "{F553F652-CB07-44E7-91C0-E4089C0454EE}"
EndProject
Project("{FAE04EC0-301F-11D3-BF4B-00C04F79EFBC}") = "MicroRabbit.Domain.Core", "MicroRabbit.Domain.Core\MicroRabbit.Domain.Core.csproj", "{BEFD0B25-CE00-4547-A161-20A6C7A1021B}"
EndProject
Project("{FAE04EC0-301F-11D3-BF4B-00C04F79EFBC}") = "MicroRabbit.Infra.Bus", "MicroRabbit.Infra.Bus\MicroRabbit.Infra.Bus.csproj", "{87F6CBE5-3E08-42A7-BC1A-0732A9B10F5A}"
EndProject
Project("{FAE04EC0-301F-11D3-BF4B-00C04F79EFBC}") = "MicroRabbit.Infra.IoC", "MicroRabbit.Infra.IoC\MicroRabbit.Infra.IoC.csproj", "{354BE7A6-A789-467C-99BE-900EB8ABFAE9}"
EndProject
Project("{2150E333-8FDC-42A3-9474-1A3956D46DE8}") = "Banking", "Banking", "{7E0A3216-FDA5-4059-810F-AC9AE6C46254}"
EndProject
Project("{2150E333-8FDC-42A3-9474-1A3956D46DE8}") = "Api", "Api", "{CD48A8E3-A198-40C0-8700-84840D906686}"
EndProject
Project("{2150E333-8FDC-42A3-9474-1A3956D46DE8}") = "Domain", "Domain", "{D168CE60-CBCF-4181-A406-ECA374E964DC}"
EndProject
Project("{2150E333-8FDC-42A3-9474-1A3956D46DE8}") = "Application", "Application", "{7010FB36-E8C0-402B-83E5-7577487E85D2}"
EndProject
Project("{2150E333-8FDC-42A3-9474-1A3956D46DE8}") = "Data", "Data", "{D13BBDC4-1D32-4537-8FEB-DEAB0FDFD8BB}"
EndProject
Project("{FAE04EC0-301F-11D3-BF4B-00C04F79EFBC}") = "MicroRabbit.Banking.Api", "MicroRabbit.Banking.Api\MicroRabbit.Banking.Api.csproj", "{3E8D27CE-0E39-4066-8D81-4888885BBD7B}"
EndProject
Project("{FAE04EC0-301F-11D3-BF4B-00C04F79EFBC}") = "MicroRabbit.Banking.Application", "MicroRabbit.Banking.Application\MicroRabbit.Banking.Application.csproj", "{203460A8-58B2-4F53-AD11-CAEB98F46A28}"
EndProject
Project("{FAE04EC0-301F-11D3-BF4B-00C04F79EFBC}") = "MicroRabbit.Banking.Data", "MicroRabbit.Banking.Data\MicroRabbit.Banking.Data.csproj", "{3D97C36B-2B70-40A6-ABC2-F1ED09E8AB9E}"
EndProject
Project("{FAE04EC0-301F-11D3-BF4B-00C04F79EFBC}") = "MicroRabbit.Banking.Domain", "MicroRabbit.Banking.Domain\MicroRabbit.Banking.Domain.csproj", "{56C97028-F51F-48E1-8443-677042602839}"
EndProject
Global
	GlobalSection(SolutionConfigurationPlatforms) = preSolution
		Debug|Any CPU = Debug|Any CPU
		Release|Any CPU = Release|Any CPU
	EndGlobalSection
	GlobalSection(ProjectConfigurationPlatforms) = postSolution
		{BEFD0B25-CE00-4547-A161-20A6C7A1021B}.Debug|Any CPU.ActiveCfg = Debug|Any CPU
		{BEFD0B25-CE00-4547-A161-20A6C7A1021B}.Debug|Any CPU.Build.0 = Debug|Any CPU
		{BEFD0B25-CE00-4547-A161-20A6C7A1021B}.Release|Any CPU.ActiveCfg = Release|Any CPU
		{BEFD0B25-CE00-4547-A161-20A6C7A1021B}.Release|Any CPU.Build.0 = Release|Any CPU
		{87F6CBE5-3E08-42A7-BC1A-0732A9B10F5A}.Debug|Any CPU.ActiveCfg = Debug|Any CPU
		{87F6CBE5-3E08-42A7-BC1A-0732A9B10F5A}.Debug|Any CPU.Build.0 = Debug|Any CPU
		{87F6CBE5-3E08-42A7-BC1A-0732A9B10F5A}.Release|Any CPU.ActiveCfg = Release|Any CPU
		{87F6CBE5-3E08-42A7-BC1A-0732A9B10F5A}.Release|Any CPU.Build.0 = Release|Any CPU
		{354BE7A6-A789-467C-99BE-900EB8ABFAE9}.Debug|Any CPU.ActiveCfg = Debug|Any CPU
		{354BE7A6-A789-467C-99BE-900EB8ABFAE9}.Debug|Any CPU.Build.0 = Debug|Any CPU
		{354BE7A6-A789-467C-99BE-900EB8ABFAE9}.Release|Any CPU.ActiveCfg = Release|Any CPU
		{354BE7A6-A789-467C-99BE-900EB8ABFAE9}.Release|Any CPU.Build.0 = Release|Any CPU
		{3E8D27CE-0E39-4066-8D81-4888885BBD7B}.Debug|Any CPU.ActiveCfg = Debug|Any CPU
		{3E8D27CE-0E39-4066-8D81-4888885BBD7B}.Debug|Any CPU.Build.0 = Debug|Any CPU
		{3E8D27CE-0E39-4066-8D81-4888885BBD7B}.Release|Any CPU.ActiveCfg = Release|Any CPU
		{3E8D27CE-0E39-4066-8D81-4888885BBD7B}.Release|Any CPU.Build.0 = Release|Any CPU
		{203460A8-58B2-4F53-AD11-CAEB98F46A28}.Debug|Any CPU.ActiveCfg = Debug|Any CPU
		{203460A8-58B2-4F53-AD11-CAEB98F46A28}.Debug|Any CPU.Build.0 = Debug|Any CPU
		{203460A8-58B2-4F53-AD11-CAEB98F46A28}.Release|Any CPU.ActiveCfg = Release|Any CPU
		{203460A8-58B2-4F53-AD11-CAEB98F46A28}.Release|Any CPU.Build.0 = Release|Any CPU
		{3D97C36B-2B70-40A6-ABC2-F1ED09E8AB9E}.Debug|Any CPU.ActiveCfg = Debug|Any CPU
		{3D97C36B-2B70-40A6-ABC2-F1ED09E8AB9E}.Debug|Any CPU.Build.0 = Debug|Any CPU
		{3D97C36B-2B70-40A6-ABC2-F1ED09E8AB9E}.Release|Any CPU.ActiveCfg = Release|Any CPU
		{3D97C36B-2B70-40A6-ABC2-F1ED09E8AB9E}.Release|Any CPU.Build.0 = Release|Any CPU
		{56C97028-F51F-48E1-8443-677042602839}.Debug|Any CPU.ActiveCfg = Debug|Any CPU
		{56C97028-F51F-48E1-8443-677042602839}.Debug|Any CPU.Build.0 = Debug|Any CPU
		{56C97028-F51F-48E1-8443-677042602839}.Release|Any CPU.ActiveCfg = Release|Any CPU
		{56C97028-F51F-48E1-8443-677042602839}.Release|Any CPU.Build.0 = Release|Any CPU
	EndGlobalSection
	GlobalSection(SolutionProperties) = preSolution
		HideSolutionNode = FALSE
	EndGlobalSection
	GlobalSection(NestedProjects) = preSolution
		{BEFD0B25-CE00-4547-A161-20A6C7A1021B} = {FA66355A-3B8E-4174-A212-9B29F3B908CE}
		{87F6CBE5-3E08-42A7-BC1A-0732A9B10F5A} = {3E1C3FB2-6908-433B-BBBE-7FE82DD00599}
		{354BE7A6-A789-467C-99BE-900EB8ABFAE9} = {CD2D6335-04E9-4407-9B0D-6E236B5BE5BF}
		{7E0A3216-FDA5-4059-810F-AC9AE6C46254} = {F9AB0B4E-F4EF-446F-86BB-50EC21D95056}
		{CD48A8E3-A198-40C0-8700-84840D906686} = {7E0A3216-FDA5-4059-810F-AC9AE6C46254}
		{D168CE60-CBCF-4181-A406-ECA374E964DC} = {7E0A3216-FDA5-4059-810F-AC9AE6C46254}
		{7010FB36-E8C0-402B-83E5-7577487E85D2} = {7E0A3216-FDA5-4059-810F-AC9AE6C46254}
		{D13BBDC4-1D32-4537-8FEB-DEAB0FDFD8BB} = {7E0A3216-FDA5-4059-810F-AC9AE6C46254}
		{3E8D27CE-0E39-4066-8D81-4888885BBD7B} = {CD48A8E3-A198-40C0-8700-84840D906686}
		{203460A8-58B2-4F53-AD11-CAEB98F46A28} = {7010FB36-E8C0-402B-83E5-7577487E85D2}
		{3D97C36B-2B70-40A6-ABC2-F1ED09E8AB9E} = {D13BBDC4-1D32-4537-8FEB-DEAB0FDFD8BB}
		{56C97028-F51F-48E1-8443-677042602839} = {D168CE60-CBCF-4181-A406-ECA374E964DC}
	EndGlobalSection
	GlobalSection(ExtensibilityGlobals) = postSolution
		SolutionGuid = {204A242A-4F2C-4540-9868-F1ABE2378FDF}
	EndGlobalSection
EndGlobal
